
Microsoft Visual Studio Solution File, Format Version 12.00
# Visual Studio Version 16
VisualStudioVersion = 16.0.30709.132
MinimumVisualStudioVersion = 10.0.40219.1
Project("{FAE04EC0-301F-11D3-BF4B-00C04F79EFBC}") = "pop city", "pop city.csproj", "{6180592D-FC02-4935-B4BD-694FAEBF3189}"
EndProject
Global
	GlobalSection(SolutionConfigurationPlatforms) = preSolution
		Debug|Any CPU = Debug|Any CPU
		Release|Any CPU = Release|Any CPU
	EndGlobalSection
	GlobalSection(ProjectConfigurationPlatforms) = postSolution
		{6180592D-FC02-4935-B4BD-694FAEBF3189}.Debug|Any CPU.ActiveCfg = Debug|Any CPU
		{6180592D-FC02-4935-B4BD-694FAEBF3189}.Debug|Any CPU.Build.0 = Debug|Any CPU
		{6180592D-FC02-4935-B4BD-694FAEBF3189}.Release|Any CPU.ActiveCfg = Release|Any CPU
		{6180592D-FC02-4935-B4BD-694FAEBF3189}.Release|Any CPU.Build.0 = Release|Any CPU
	EndGlobalSection
	GlobalSection(SolutionProperties) = preSolution
		HideSolutionNode = FALSE
	EndGlobalSection
	GlobalSection(ExtensibilityGlobals) = postSolution
		SolutionGuid = {0B491DBC-2005-4485-9F35-065DBB3467AF}
	EndGlobalSection
EndGlobal
